// !$*UTF8*$!
{
	archiveVersion = 1;
	classes = {
	};
	objectVersion = 50;
	objects = {

/* Begin PBXBuildFile section */
		C4691EE1265AFC56000B391D /* CustomSliderApp.swift in Sources */ = {isa = PBXBuildFile; fileRef = C4691ECE265AFC55000B391D /* CustomSliderApp.swift */; };
		C4691EE2265AFC56000B391D /* CustomSliderApp.swift in Sources */ = {isa = PBXBuildFile; fileRef = C4691ECE265AFC55000B391D /* CustomSliderApp.swift */; };
		C4691EE3265AFC56000B391D /* ContentView.swift in Sources */ = {isa = PBXBuildFile; fileRef = C4691ECF265AFC55000B391D /* ContentView.swift */; };
		C4691EE4265AFC56000B391D /* ContentView.swift in Sources */ = {isa = PBXBuildFile; fileRef = C4691ECF265AFC55000B391D /* ContentView.swift */; };
		C4691EE5265AFC56000B391D /* Assets.xcassets in Resources */ = {isa = PBXBuildFile; fileRef = C4691ED0265AFC56000B391D /* Assets.xcassets */; };
		C4691EE6265AFC56000B391D /* Assets.xcassets in Resources */ = {isa = PBXBuildFile; fileRef = C4691ED0265AFC56000B391D /* Assets.xcassets */; };
/* End PBXBuildFile section */

/* Begin PBXFileReference section */
		C4691ECE265AFC55000B391D /* CustomSliderApp.swift */ = {isa = PBXFileReference; lastKnownFileType = sourcecode.swift; path = CustomSliderApp.swift; sourceTree = "<group>"; };
		C4691ECF265AFC55000B391D /* ContentView.swift */ = {isa = PBXFileReference; lastKnownFileType = sourcecode.swift; path = ContentView.swift; sourceTree = "<group>"; };
		C4691ED0265AFC56000B391D /* Assets.xcassets */ = {isa = PBXFileReference; lastKnownFileType = folder.assetcatalog; path = Assets.xcassets; sourceTree = "<group>"; };
		C4691ED5265AFC56000B391D /* CustomSlider.app */ = {isa = PBXFileReference; explicitFileType = wrapper.application; includeInIndex = 0; path = CustomSlider.app; sourceTree = BUILT_PRODUCTS_DIR; };
		C4691ED8265AFC56000B391D /* Info.plist */ = {isa = PBXFileReference; lastKnownFileType = text.plist.xml; path = Info.plist; sourceTree = "<group>"; };
		C4691EDD265AFC56000B391D /* CustomSlider.app */ = {isa = PBXFileReference; explicitFileType = wrapper.application; includeInIndex = 0; path = CustomSlider.app; sourceTree = BUILT_PRODUCTS_DIR; };
		C4691EDF265AFC56000B391D /* Info.plist */ = {isa = PBXFileReference; lastKnownFileType = text.plist.xml; path = Info.plist; sourceTree = "<group>"; };
		C4691EE0265AFC56000B391D /* macOS.entitlements */ = {isa = PBXFileReference; lastKnownFileType = text.plist.entitlements; path = macOS.entitlements; sourceTree = "<group>"; };
/* End PBXFileReference section */

/* Begin PBXFrameworksBuildPhase section */
		C4691ED2265AFC56000B391D /* Frameworks */ = {
			isa = PBXFrameworksBuildPhase;
			buildActionMask = 2147483647;
			files = (
			);
			runOnlyForDeploymentPostprocessing = 0;
		};
		C4691EDA265AFC56000B391D /* Frameworks */ = {
			isa = PBXFrameworksBuildPhase;
			buildActionMask = 2147483647;
			files = (
			);
			runOnlyForDeploymentPostprocessing = 0;
		};
/* End PBXFrameworksBuildPhase section */

/* Begin PBXGroup section */
		C4691EC8265AFC54000B391D = {
			isa = PBXGroup;
			children = (
				C4691ECD265AFC55000B391D /* Shared */,
				C4691ED7265AFC56000B391D /* iOS */,
				C4691EDE265AFC56000B391D /* macOS */,
				C4691ED6265AFC56000B391D /* Products */,
			);
			sourceTree = "<group>";
		};
		C4691ECD265AFC55000B391D /* Shared */ = {
			isa = PBXGroup;
			children = (
				C4691ECE265AFC55000B391D /* CustomSliderApp.swift */,
				C4691ECF265AFC55000B391D /* ContentView.swift */,
				C4691ED0265AFC56000B391D /* Assets.xcassets */,
			);
			path = Shared;
			sourceTree = "<group>";
		};
		C4691ED6265AFC56000B391D /* Products */ = {
			isa = PBXGroup;
			children = (
				C4691ED5265AFC56000B391D /* CustomSlider.app */,
				C4691EDD265AFC56000B391D /* CustomSlider.app */,
			);
			name = Products;
			sourceTree = "<group>";
		};
		C4691ED7265AFC56000B391D /* iOS */ = {
			isa = PBXGroup;
			children = (
				C4691ED8265AFC56000B391D /* Info.plist */,
			);
			path = iOS;
			sourceTree = "<group>";
		};
		C4691EDE265AFC56000B391D /* macOS */ = {
			isa = PBXGroup;
			children = (
				C4691EDF265AFC56000B391D /* Info.plist */,
				C4691EE0265AFC56000B391D /* macOS.entitlements */,
			);
			path = macOS;
			sourceTree = "<group>";
		};
/* End PBXGroup section */

/* Begin PBXNativeTarget section */
		C4691ED4265AFC56000B391D /* CustomSlider (iOS) */ = {
			isa = PBXNativeTarget;
			buildConfigurationList = C4691EE9265AFC56000B391D /* Build configuration list for PBXNativeTarget "CustomSlider (iOS)" */;
			buildPhases = (
				C4691ED1265AFC56000B391D /* Sources */,
				C4691ED2265AFC56000B391D /* Frameworks */,
				C4691ED3265AFC56000B391D /* Resources */,
			);
			buildRules = (
			);
			dependencies = (
			);
			name = "CustomSlider (iOS)";
			productName = "CustomSlider (iOS)";
			productReference = C4691ED5265AFC56000B391D /* CustomSlider.app */;
			productType = "com.apple.product-type.application";
		};
		C4691EDC265AFC56000B391D /* CustomSlider (macOS) */ = {
			isa = PBXNativeTarget;
			buildConfigurationList = C4691EEC265AFC56000B391D /* Build configuration list for PBXNativeTarget "CustomSlider (macOS)" */;
			buildPhases = (
				C4691ED9265AFC56000B391D /* Sources */,
				C4691EDA265AFC56000B391D /* Frameworks */,
				C4691EDB265AFC56000B391D /* Resources */,
			);
			buildRules = (
			);
			dependencies = (
			);
			name = "CustomSlider (macOS)";
			productName = "CustomSlider (macOS)";
			productReference = C4691EDD265AFC56000B391D /* CustomSlider.app */;
			productType = "com.apple.product-type.application";
		};
/* End PBXNativeTarget section */

/* Begin PBXProject section */
		C4691EC9265AFC54000B391D /* Project object */ = {
			isa = PBXProject;
			attributes = {
				LastSwiftUpdateCheck = 1250;
				LastUpgradeCheck = 1250;
				TargetAttributes = {
					C4691ED4265AFC56000B391D = {
						CreatedOnToolsVersion = 12.5;
					};
					C4691EDC265AFC56000B391D = {
						CreatedOnToolsVersion = 12.5;
					};
				};
			};
			buildConfigurationList = C4691ECC265AFC54000B391D /* Build configuration list for PBXProject "CustomSlider" */;
			compatibilityVersion = "Xcode 9.3";
			developmentRegion = en;
			hasScannedForEncodings = 0;
			knownRegions = (
				en,
				Base,
			);
			mainGroup = C4691EC8265AFC54000B391D;
			productRefGroup = C4691ED6265AFC56000B391D /* Products */;
			projectDirPath = "";
			projectRoot = "";
			targets = (
				C4691ED4265AFC56000B391D /* CustomSlider (iOS) */,
				C4691EDC265AFC56000B391D /* CustomSlider (macOS) */,
			);
		};
/* End PBXProject section */

/* Begin PBXResourcesBuildPhase section */
		C4691ED3265AFC56000B391D /* Resources */ = {
			isa = PBXResourcesBuildPhase;
			buildActionMask = 2147483647;
			files = (
				C4691EE5265AFC56000B391D /* Assets.xcassets in Resources */,
			);
			runOnlyForDeploymentPostprocessing = 0;
		};
		C4691EDB265AFC56000B391D /* Resources */ = {
			isa = PBXResourcesBuildPhase;
			buildActionMask = 2147483647;
			files = (
				C4691EE6265AFC56000B391D /* Assets.xcassets in Resources */,
			);
			runOnlyForDeploymentPostprocessing = 0;
		};
/* End PBXResourcesBuildPhase section */

/* Begin PBXSourcesBuildPhase section */
		C4691ED1265AFC56000B391D /* Sources */ = {
			isa = PBXSourcesBuildPhase;
			buildActionMask = 2147483647;
			files = (
				C4691EE3265AFC56000B391D /* ContentView.swift in Sources */,
				C4691EE1265AFC56000B391D /* CustomSliderApp.swift in Sources */,
			);
			runOnlyForDeploymentPostprocessing = 0;
		};
		C4691ED9265AFC56000B391D /* Sources */ = {
			isa = PBXSourcesBuildPhase;
			buildActionMask = 2147483647;
			files = (
				C4691EE4265AFC56000B391D /* ContentView.swift in Sources */,
				C4691EE2265AFC56000B391D /* CustomSliderApp.swift in Sources */,
			);
			runOnlyForDeploymentPostprocessing = 0;
		};
/* End PBXSourcesBuildPhase section */

/* Begin XCBuildConfiguration section */
		C4691EE7265AFC56000B391D /* Debug */ = {
			isa = XCBuildConfiguration;
			buildSettings = {
				ALWAYS_SEARCH_USER_PATHS = NO;
				CLANG_ANALYZER_NONNULL = YES;
				CLANG_ANALYZER_NUMBER_OBJECT_CONVERSION = YES_AGGRESSIVE;
				CLANG_CXX_LANGUAGE_STANDARD = "gnu++14";
				CLANG_CXX_LIBRARY = "libc++";
				CLANG_ENABLE_MODULES = YES;
				CLANG_ENABLE_OBJC_ARC = YES;
				CLANG_ENABLE_OBJC_WEAK = YES;
				CLANG_WARN_BLOCK_CAPTURE_AUTORELEASING = YES;
				CLANG_WARN_BOOL_CONVERSION = YES;
				CLANG_WARN_COMMA = YES;
				CLANG_WARN_CONSTANT_CONVERSION = YES;
				CLANG_WARN_DEPRECATED_OBJC_IMPLEMENTATIONS = YES;
				CLANG_WARN_DIRECT_OBJC_ISA_USAGE = YES_ERROR;
				CLANG_WARN_DOCUMENTATION_COMMENTS = YES;
				CLANG_WARN_EMPTY_BODY = YES;
				CLANG_WARN_ENUM_CONVERSION = YES;
				CLANG_WARN_INFINITE_RECURSION = YES;
				CLANG_WARN_INT_CONVERSION = YES;
				CLANG_WARN_NON_LITERAL_NULL_CONVERSION = YES;
				CLANG_WARN_OBJC_IMPLICIT_RETAIN_SELF = YES;
				CLANG_WARN_OBJC_LITERAL_CONVERSION = YES;
				CLANG_WARN_OBJC_ROOT_CLASS = YES_ERROR;
				CLANG_WARN_QUOTED_INCLUDE_IN_FRAMEWORK_HEADER = YES;
				CLANG_WARN_RANGE_LOOP_ANALYSIS = YES;
				CLANG_WARN_STRICT_PROTOTYPES = YES;
				CLANG_WARN_SUSPICIOUS_MOVE = YES;
				CLANG_WARN_UNGUARDED_AVAILABILITY = YES_AGGRESSIVE;
				CLANG_WARN_UNREACHABLE_CODE = YES;
				CLANG_WARN__DUPLICATE_METHOD_MATCH = YES;
				COPY_PHASE_STRIP = NO;
				DEBUG_INFORMATION_FORMAT = dwarf;
				ENABLE_STRICT_OBJC_MSGSEND = YES;
				ENABLE_TESTABILITY = YES;
				GCC_C_LANGUAGE_STANDARD = gnu11;
				GCC_DYNAMIC_NO_PIC = NO;
				GCC_NO_COMMON_BLOCKS = YES;
				GCC_OPTIMIZATION_LEVEL = 0;
				GCC_PREPROCESSOR_DEFINITIONS = (
					"DEBUG=1",
					"$(inherited)",
				);
				GCC_WARN_64_TO_32_BIT_CONVERSION = YES;
				GCC_WARN_ABOUT_RETURN_TYPE = YES_ERROR;
				GCC_WARN_UNDECLARED_SELECTOR = YES;
				GCC_WARN_UNINITIALIZED_AUTOS = YES_AGGRESSIVE;
				GCC_WARN_UNUSED_FUNCTION = YES;
				GCC_WARN_UNUSED_VARIABLE = YES;
				MTL_ENABLE_DEBUG_INFO = INCLUDE_SOURCE;
				MTL_FAST_MATH = YES;
				ONLY_ACTIVE_ARCH = YES;
				SWIFT_ACTIVE_COMPILATION_CONDITIONS = DEBUG;
				SWIFT_OPTIMIZATION_LEVEL = "-Onone";
			};
			name = Debug;
		};
		C4691EE8265AFC56000B391D /* Release */ = {
			isa = XCBuildConfiguration;
			buildSettings = {
				ALWAYS_SEARCH_USER_PATHS = NO;
				CLANG_ANALYZER_NONNULL = YES;
				CLANG_ANALYZER_NUMBER_OBJECT_CONVERSION = YES_AGGRESSIVE;
				CLANG_CXX_LANGUAGE_STANDARD = "gnu++14";
				CLANG_CXX_LIBRARY = "libc++";
				CLANG_ENABLE_MODULES = YES;
				CLANG_ENABLE_OBJC_ARC = YES;
				CLANG_ENABLE_OBJC_WEAK = YES;
				CLANG_WARN_BLOCK_CAPTURE_AUTORELEASING = YES;
				CLANG_WARN_BOOL_CONVERSION = YES;
				CLANG_WARN_COMMA = YES;
				CLANG_WARN_CONSTANT_CONVERSION = YES;
				CLANG_WARN_DEPRECATED_OBJC_IMPLEMENTATIONS = YES;
				CLANG_WARN_DIRECT_OBJC_ISA_USAGE = YES_ERROR;
				CLANG_WARN_DOCUMENTATION_COMMENTS = YES;
				CLANG_WARN_EMPTY_BODY = YES;
				CLANG_WARN_ENUM_CONVERSION = YES;
				CLANG_WARN_INFINITE_RECURSION = YES;
				CLANG_WARN_INT_CONVERSION = YES;
				CLANG_WARN_NON_LITERAL_NULL_CONVERSION = YES;
				CLANG_WARN_OBJC_IMPLICIT_RETAIN_SELF = YES;
				CLANG_WARN_OBJC_LITERAL_CONVERSION = YES;
				CLANG_WARN_OBJC_ROOT_CLASS = YES_ERROR;
				CLANG_WARN_QUOTED_INCLUDE_IN_FRAMEWORK_HEADER = YES;
				CLANG_WARN_RANGE_LOOP_ANALYSIS = YES;
				CLANG_WARN_STRICT_PROTOTYPES = YES;
				CLANG_WARN_SUSPICIOUS_MOVE = YES;
				CLANG_WARN_UNGUARDED_AVAILABILITY = YES_AGGRESSIVE;
				CLANG_WARN_UNREACHABLE_CODE = YES;
				CLANG_WARN__DUPLICATE_METHOD_MATCH = YES;
				COPY_PHASE_STRIP = NO;
				DEBUG_INFORMATION_FORMAT = "dwarf-with-dsym";
				ENABLE_NS_ASSERTIONS = NO;
				ENABLE_STRICT_OBJC_MSGSEND = YES;
				GCC_C_LANGUAGE_STANDARD = gnu11;
				GCC_NO_COMMON_BLOCKS = YES;
				GCC_WARN_64_TO_32_BIT_CONVERSION = YES;
				GCC_WARN_ABOUT_RETURN_TYPE = YES_ERROR;
				GCC_WARN_UNDECLARED_SELECTOR = YES;
				GCC_WARN_UNINITIALIZED_AUTOS = YES_AGGRESSIVE;
				GCC_WARN_UNUSED_FUNCTION = YES;
				GCC_WARN_UNUSED_VARIABLE = YES;
				MTL_ENABLE_DEBUG_INFO = NO;
				MTL_FAST_MATH = YES;
				SWIFT_COMPILATION_MODE = wholemodule;
				SWIFT_OPTIMIZATION_LEVEL = "-O";
			};
			name = Release;
		};
		C4691EEA265AFC56000B391D /* Debug */ = {
			isa = XCBuildConfiguration;
			buildSettings = {
				ASSETCATALOG_COMPILER_APPICON_NAME = AppIcon;
				ASSETCATALOG_COMPILER_GLOBAL_ACCENT_COLOR_NAME = AccentColor;
				CODE_SIGN_STYLE = Automatic;
				ENABLE_PREVIEWS = YES;
				INFOPLIST_FILE = iOS/Info.plist;
				IPHONEOS_DEPLOYMENT_TARGET = 14.0;
				LD_RUNPATH_SEARCH_PATHS = (
					"$(inherited)",
					"@executable_path/Frameworks",
				);
				PRODUCT_BUNDLE_IDENTIFIER = com.MicheleManniello.CustomSlider;
				PRODUCT_NAME = CustomSlider;
				SDKROOT = iphoneos;
				SWIFT_VERSION = 5.0;
				TARGETED_DEVICE_FAMILY = "1,2";
			};
			name = Debug;
		};
		C4691EEB265AFC56000B391D /* Release */ = {
			isa = XCBuildConfiguration;
			buildSettings = {
				ASSETCATALOG_COMPILER_APPICON_NAME = AppIcon;
				ASSETCATALOG_COMPILER_GLOBAL_ACCENT_COLOR_NAME = AccentColor;
				CODE_SIGN_STYLE = Automatic;
				ENABLE_PREVIEWS = YES;
				INFOPLIST_FILE = iOS/Info.plist;
				IPHONEOS_DEPLOYMENT_TARGET = 14.0;
				LD_RUNPATH_SEARCH_PATHS = (
					"$(inherited)",
					"@executable_path/Frameworks",
				);
				PRODUCT_BUNDLE_IDENTIFIER = com.MicheleManniello.CustomSlider;
				PRODUCT_NAME = CustomSlider;
				SDKROOT = iphoneos;
				SWIFT_VERSION = 5.0;
				TARGETED_DEVICE_FAMILY = "1,2";
				VALIDATE_PRODUCT = YES;
			};
			name = Release;
		};
		C4691EED265AFC56000B391D /* Debug */ = {
			isa = XCBuildConfiguration;
			buildSettings = {
				ASSETCATALOG_COMPILER_APPICON_NAME = AppIcon;
				ASSETCATALOG_COMPILER_GLOBAL_ACCENT_COLOR_NAME = AccentColor;
				CODE_SIGN_ENTITLEMENTS = macOS/macOS.entitlements;
				CODE_SIGN_STYLE = Automatic;
				COMBINE_HIDPI_IMAGES = YES;
				ENABLE_PREVIEWS = YES;
				INFOPLIST_FILE = macOS/Info.plist;
				LD_RUNPATH_SEARCH_PATHS = (
					"$(inherited)",
					"@executable_path/../Frameworks",
				);
				MACOSX_DEPLOYMENT_TARGET = 11.0;
				PRODUCT_BUNDLE_IDENTIFIER = com.MicheleManniello.CustomSlider;
				PRODUCT_NAME = CustomSlider;
				SDKROOT = macosx;
				SWIFT_VERSION = 5.0;
			};
			name = Debug;
		};
		C4691EEE265AFC56000B391D /* Release */ = {
			isa = XCBuildConfiguration;
			buildSettings = {
				ASSETCATALOG_COMPILER_APPICON_NAME = AppIcon;
				ASSETCATALOG_COMPILER_GLOBAL_ACCENT_COLOR_NAME = AccentColor;
				CODE_SIGN_ENTITLEMENTS = macOS/macOS.entitlements;
				CODE_SIGN_STYLE = Automatic;
				COMBINE_HIDPI_IMAGES = YES;
				ENABLE_PREVIEWS = YES;
				INFOPLIST_FILE = macOS/Info.plist;
				LD_RUNPATH_SEARCH_PATHS = (
					"$(inherited)",
					"@executable_path/../Frameworks",
				);
				MACOSX_DEPLOYMENT_TARGET = 11.0;
				PRODUCT_BUNDLE_IDENTIFIER = com.MicheleManniello.CustomSlider;
				PRODUCT_NAME = CustomSlider;
				SDKROOT = macosx;
				SWIFT_VERSION = 5.0;
			};
			name = Release;
		};
/* End XCBuildConfiguration section */

/* Begin XCConfigurationList section */
		C4691ECC265AFC54000B391D /* Build configuration list for PBXProject "CustomSlider" */ = {
			isa = XCConfigurationList;
			buildConfigurations = (
				C4691EE7265AFC56000B391D /* Debug */,
				C4691EE8265AFC56000B391D /* Release */,
			);
			defaultConfigurationIsVisible = 0;
			defaultConfigurationName = Release;
		};
		C4691EE9265AFC56000B391D /* Build configuration list for PBXNativeTarget "CustomSlider (iOS)" */ = {
			isa = XCConfigurationList;
			buildConfigurations = (
				C4691EEA265AFC56000B391D /* Debug */,
				C4691EEB265AFC56000B391D /* Release */,
			);
			defaultConfigurationIsVisible = 0;
			defaultConfigurationName = Release;
		};
		C4691EEC265AFC56000B391D /* Build configuration list for PBXNativeTarget "CustomSlider (macOS)" */ = {
			isa = XCConfigurationList;
			buildConfigurations = (
				C4691EED265AFC56000B391D /* Debug */,
				C4691EEE265AFC56000B391D /* Release */,
			);
			defaultConfigurationIsVisible = 0;
			defaultConfigurationName = Release;
		};
/* End XCConfigurationList section */
	};
	rootObject = C4691EC9265AFC54000B391D /* Project object */;
}
